
Microsoft Visual Studio Solution File, Format Version 12.00
# Visual Studio Version 16
VisualStudioVersion = 16.0.36227.6
MinimumVisualStudioVersion = 10.0.40219.1
Project("{FAE04EC0-301F-11D3-BF4B-00C04F79EFBC}") = "TimerOverlay", "TimerOverlay\TimerOverlay.csproj", "{2555952F-07B0-46B7-91A1-1C1E24C6F820}"
EndProject
Global
	GlobalSection(SolutionConfigurationPlatforms) = preSolution
		Debug|Any CPU = Debug|Any CPU
		Release|Any CPU = Release|Any CPU
	EndGlobalSection
	GlobalSection(ProjectConfigurationPlatforms) = postSolution
		{2555952F-07B0-46B7-91A1-1C1E24C6F820}.Debug|Any CPU.ActiveCfg = Debug|Any CPU
		{2555952F-07B0-46B7-91A1-1C1E24C6F820}.Debug|Any CPU.Build.0 = Debug|Any CPU
		{2555952F-07B0-46B7-91A1-1C1E24C6F820}.Release|Any CPU.ActiveCfg = Release|Any CPU
		{2555952F-07B0-46B7-91A1-1C1E24C6F820}.Release|Any CPU.Build.0 = Release|Any CPU
	EndGlobalSection
	GlobalSection(SolutionProperties) = preSolution
		HideSolutionNode = FALSE
	EndGlobalSection
	GlobalSection(ExtensibilityGlobals) = postSolution
		SolutionGuid = {14C66169-769B-4781-8133-2BD5119BC8E5}
	EndGlobalSection
EndGlobal
